
Microsoft Visual Studio Solution File, Format Version 12.00
# Visual Studio 14
VisualStudioVersion = 14.0.23107.0
MinimumVisualStudioVersion = 10.0.40219.1
Project("{D2ABAB84-BF74-430A-B69E-9DC6D40DDA17}") = "PredictLoan_SSAS", "PredictLoan_SSAS\PredictLoan_SSAS.dwproj", "{FCC8869B-EAC8-43D8-ACC9-896EAE046418}"
EndProject
Global
	GlobalSection(SolutionConfigurationPlatforms) = preSolution
		Development|Default = Development|Default
	EndGlobalSection
	GlobalSection(ProjectConfigurationPlatforms) = postSolution
		{FCC8869B-EAC8-43D8-ACC9-896EAE046418}.Development|Default.ActiveCfg = Development
		{FCC8869B-EAC8-43D8-ACC9-896EAE046418}.Development|Default.Build.0 = Development
		{FCC8869B-EAC8-43D8-ACC9-896EAE046418}.Development|Default.Deploy.0 = Development
	EndGlobalSection
	GlobalSection(SolutionProperties) = preSolution
		HideSolutionNode = FALSE
	EndGlobalSection
EndGlobal
